
Microsoft Visual Studio Solution File, Format Version 12.00
# Visual Studio Version 17
VisualStudioVersion = 17.0.32417.34
MinimumVisualStudioVersion = 10.0.40219.1
Project("{FAE04EC0-301F-11D3-BF4B-00C04F79EFBC}") = "RGB", "RGB\RGB.csproj", "{5D8FD38D-C992-4581-AD8D-EC6E8FB410C4}"
EndProject
Global
	GlobalSection(SolutionConfigurationPlatforms) = preSolution
		Debug|Any CPU = Debug|Any CPU
		Release|Any CPU = Release|Any CPU
	EndGlobalSection
	GlobalSection(ProjectConfigurationPlatforms) = postSolution
		{5D8FD38D-C992-4581-AD8D-EC6E8FB410C4}.Debug|Any CPU.ActiveCfg = Debug|Any CPU
		{5D8FD38D-C992-4581-AD8D-EC6E8FB410C4}.Debug|Any CPU.Build.0 = Debug|Any CPU
		{5D8FD38D-C992-4581-AD8D-EC6E8FB410C4}.Release|Any CPU.ActiveCfg = Release|Any CPU
		{5D8FD38D-C992-4581-AD8D-EC6E8FB410C4}.Release|Any CPU.Build.0 = Release|Any CPU
	EndGlobalSection
	GlobalSection(SolutionProperties) = preSolution
		HideSolutionNode = FALSE
	EndGlobalSection
	GlobalSection(ExtensibilityGlobals) = postSolution
		SolutionGuid = {6E759402-E61E-4055-92C7-E16EC4C343F0}
	EndGlobalSection
EndGlobal
